
Microsoft Visual Studio Solution File, Format Version 12.00
# Visual Studio Version 17
VisualStudioVersion = 17.14.36203.30
MinimumVisualStudioVersion = 10.0.40219.1
Project("{FAE04EC0-301F-11D3-BF4B-00C04F79EFBC}") = "ScreenDisplayServer", "ScreenDisplayServer\ScreenDisplayServer.csproj", "{15DC564B-604C-4349-8E4D-511763360EE1}"
EndProject
Project("{FAE04EC0-301F-11D3-BF4B-00C04F79EFBC}") = "ScreenCaptureClient", "ScreenCaptureApp\ScreenCaptureClient.csproj", "{AC0742F5-FBAB-4BC3-91E2-17AB2D8F9D71}"
EndProject
Global
	GlobalSection(SolutionConfigurationPlatforms) = preSolution
		Debug|Any CPU = Debug|Any CPU
		Release|Any CPU = Release|Any CPU
	EndGlobalSection
	GlobalSection(ProjectConfigurationPlatforms) = postSolution
		{15DC564B-604C-4349-8E4D-511763360EE1}.Debug|Any CPU.ActiveCfg = Debug|Any CPU
		{15DC564B-604C-4349-8E4D-511763360EE1}.Debug|Any CPU.Build.0 = Debug|Any CPU
		{15DC564B-604C-4349-8E4D-511763360EE1}.Release|Any CPU.ActiveCfg = Release|Any CPU
		{15DC564B-604C-4349-8E4D-511763360EE1}.Release|Any CPU.Build.0 = Release|Any CPU
		{AC0742F5-FBAB-4BC3-91E2-17AB2D8F9D71}.Debug|Any CPU.ActiveCfg = Debug|Any CPU
		{AC0742F5-FBAB-4BC3-91E2-17AB2D8F9D71}.Debug|Any CPU.Build.0 = Debug|Any CPU
		{AC0742F5-FBAB-4BC3-91E2-17AB2D8F9D71}.Release|Any CPU.ActiveCfg = Release|Any CPU
		{AC0742F5-FBAB-4BC3-91E2-17AB2D8F9D71}.Release|Any CPU.Build.0 = Release|Any CPU
	EndGlobalSection
	GlobalSection(SolutionProperties) = preSolution
		HideSolutionNode = FALSE
	EndGlobalSection
	GlobalSection(ExtensibilityGlobals) = postSolution
		SolutionGuid = {24459984-C2BF-4E00-8B6B-64FDCBDC1F48}
	EndGlobalSection
EndGlobal
